
Microsoft Visual Studio Solution File, Format Version 12.00
# Visual Studio 14
VisualStudioVersion = 14.0.24720.0
MinimumVisualStudioVersion = 10.0.40219.1
Project("{8BC9CEB8-8B4A-11D0-8D11-00A0C91BC942}") = "Valorant", "Valorant\Valorant.vcxproj", "{6EE5AB6E-8C8E-4FA6-84B0-34E089CEE004}"
EndProject
Project("{8BC9CEB8-8B4A-11D0-8D11-00A0C91BC942}") = "PreProc", "PreProc\PreProc.vcxproj", "{5E213B5D-AD6D-4E8E-B6A7-BDFDB6CBDE78}"
EndProject
Project("{8BC9CEB8-8B4A-11D0-8D11-00A0C91BC942}") = "Caprecog", "Caprecog\Caprecog.vcxproj", "{6BEFD780-D996-4E48-9FF6-B3F54E310A48}"
EndProject
Global
	GlobalSection(SolutionConfigurationPlatforms) = preSolution
		Debug|x64 = Debug|x64
		Debug|x86 = Debug|x86
		Release|x64 = Release|x64
		Release|x86 = Release|x86
	EndGlobalSection
	GlobalSection(ProjectConfigurationPlatforms) = postSolution
		{6EE5AB6E-8C8E-4FA6-84B0-34E089CEE004}.Debug|x64.ActiveCfg = Debug|x64
		{6EE5AB6E-8C8E-4FA6-84B0-34E089CEE004}.Debug|x64.Build.0 = Debug|x64
		{6EE5AB6E-8C8E-4FA6-84B0-34E089CEE004}.Debug|x86.ActiveCfg = Debug|Win32
		{6EE5AB6E-8C8E-4FA6-84B0-34E089CEE004}.Debug|x86.Build.0 = Debug|Win32
		{6EE5AB6E-8C8E-4FA6-84B0-34E089CEE004}.Release|x64.ActiveCfg = Release|x64
		{6EE5AB6E-8C8E-4FA6-84B0-34E089CEE004}.Release|x64.Build.0 = Release|x64
		{6EE5AB6E-8C8E-4FA6-84B0-34E089CEE004}.Release|x86.ActiveCfg = Release|x64
		{6EE5AB6E-8C8E-4FA6-84B0-34E089CEE004}.Release|x86.Build.0 = Release|x64
		{6EE5AB6E-8C8E-4FA6-84B0-34E089CEE004}.Release|x86.Deploy.0 = Release|x64
		{5E213B5D-AD6D-4E8E-B6A7-BDFDB6CBDE78}.Debug|x64.ActiveCfg = Debug|x64
		{5E213B5D-AD6D-4E8E-B6A7-BDFDB6CBDE78}.Debug|x64.Build.0 = Debug|x64
		{5E213B5D-AD6D-4E8E-B6A7-BDFDB6CBDE78}.Debug|x86.ActiveCfg = Debug|Win32
		{5E213B5D-AD6D-4E8E-B6A7-BDFDB6CBDE78}.Debug|x86.Build.0 = Debug|Win32
		{5E213B5D-AD6D-4E8E-B6A7-BDFDB6CBDE78}.Release|x64.ActiveCfg = Release|x64
		{5E213B5D-AD6D-4E8E-B6A7-BDFDB6CBDE78}.Release|x64.Build.0 = Release|x64
		{5E213B5D-AD6D-4E8E-B6A7-BDFDB6CBDE78}.Release|x86.ActiveCfg = Release|x64
		{5E213B5D-AD6D-4E8E-B6A7-BDFDB6CBDE78}.Release|x86.Build.0 = Release|x64
		{6BEFD780-D996-4E48-9FF6-B3F54E310A48}.Debug|x64.ActiveCfg = Debug|x64
		{6BEFD780-D996-4E48-9FF6-B3F54E310A48}.Debug|x64.Build.0 = Debug|x64
		{6BEFD780-D996-4E48-9FF6-B3F54E310A48}.Debug|x86.ActiveCfg = Debug|Win32
		{6BEFD780-D996-4E48-9FF6-B3F54E310A48}.Debug|x86.Build.0 = Debug|Win32
		{6BEFD780-D996-4E48-9FF6-B3F54E310A48}.Release|x64.ActiveCfg = Release|x64
		{6BEFD780-D996-4E48-9FF6-B3F54E310A48}.Release|x64.Build.0 = Release|x64
		{6BEFD780-D996-4E48-9FF6-B3F54E310A48}.Release|x86.ActiveCfg = Release|Win32
		{6BEFD780-D996-4E48-9FF6-B3F54E310A48}.Release|x86.Build.0 = Release|Win32
	EndGlobalSection
	GlobalSection(SolutionProperties) = preSolution
		HideSolutionNode = FALSE
	EndGlobalSection
EndGlobal
